
Microsoft Visual Studio Solution File, Format Version 12.00
# Visual Studio Version 17
VisualStudioVersion = 17.14.36301.6
MinimumVisualStudioVersion = 10.0.40219.1
Project("{FAE04EC0-301F-11D3-BF4B-00C04F79EFBC}") = "ReadOrbit .API", "ReadOrbit .API\ReadOrbit .API.csproj", "{234FBABD-7C1E-4749-A00B-55A37D0C270C}"
EndProject
Project("{FAE04EC0-301F-11D3-BF4B-00C04F79EFBC}") = "ReadOrbit.DOMAIN", "ReadOrbit.DOMAIN\ReadOrbit.DOMAIN.csproj", "{BC47ACAC-116A-0976-67FD-8973073BD8E4}"
EndProject
Project("{FAE04EC0-301F-11D3-BF4B-00C04F79EFBC}") = "ReadOrbit.INFRASTRUCTURE", "ReadOrbit.INFRASTRUCTURE\ReadOrbit.INFRASTRUCTURE.csproj", "{3F3873AB-9B90-0368-2A79-81F67E02CD79}"
EndProject
Project("{FAE04EC0-301F-11D3-BF4B-00C04F79EFBC}") = "ReadOrbit.APPLICATION", "ReadOrbit.APPLICATION\ReadOrbit.APPLICATION.csproj", "{426496B2-4A00-9FAF-96B4-67416EF93E0D}"
EndProject
Global
	GlobalSection(SolutionConfigurationPlatforms) = preSolution
		Debug|Any CPU = Debug|Any CPU
		Release|Any CPU = Release|Any CPU
	EndGlobalSection
	GlobalSection(ProjectConfigurationPlatforms) = postSolution
		{234FBABD-7C1E-4749-A00B-55A37D0C270C}.Debug|Any CPU.ActiveCfg = Debug|Any CPU
		{234FBABD-7C1E-4749-A00B-55A37D0C270C}.Debug|Any CPU.Build.0 = Debug|Any CPU
		{234FBABD-7C1E-4749-A00B-55A37D0C270C}.Release|Any CPU.ActiveCfg = Release|Any CPU
		{234FBABD-7C1E-4749-A00B-55A37D0C270C}.Release|Any CPU.Build.0 = Release|Any CPU
		{BC47ACAC-116A-0976-67FD-8973073BD8E4}.Debug|Any CPU.ActiveCfg = Debug|Any CPU
		{BC47ACAC-116A-0976-67FD-8973073BD8E4}.Debug|Any CPU.Build.0 = Debug|Any CPU
		{BC47ACAC-116A-0976-67FD-8973073BD8E4}.Release|Any CPU.ActiveCfg = Release|Any CPU
		{BC47ACAC-116A-0976-67FD-8973073BD8E4}.Release|Any CPU.Build.0 = Release|Any CPU
		{3F3873AB-9B90-0368-2A79-81F67E02CD79}.Debug|Any CPU.ActiveCfg = Debug|Any CPU
		{3F3873AB-9B90-0368-2A79-81F67E02CD79}.Debug|Any CPU.Build.0 = Debug|Any CPU
		{3F3873AB-9B90-0368-2A79-81F67E02CD79}.Release|Any CPU.ActiveCfg = Release|Any CPU
		{3F3873AB-9B90-0368-2A79-81F67E02CD79}.Release|Any CPU.Build.0 = Release|Any CPU
		{426496B2-4A00-9FAF-96B4-67416EF93E0D}.Debug|Any CPU.ActiveCfg = Debug|Any CPU
		{426496B2-4A00-9FAF-96B4-67416EF93E0D}.Debug|Any CPU.Build.0 = Debug|Any CPU
		{426496B2-4A00-9FAF-96B4-67416EF93E0D}.Release|Any CPU.ActiveCfg = Release|Any CPU
		{426496B2-4A00-9FAF-96B4-67416EF93E0D}.Release|Any CPU.Build.0 = Release|Any CPU
	EndGlobalSection
	GlobalSection(SolutionProperties) = preSolution
		HideSolutionNode = FALSE
	EndGlobalSection
	GlobalSection(ExtensibilityGlobals) = postSolution
		SolutionGuid = {72D7943A-B18C-407F-9E24-E8ACBCD4063E}
	EndGlobalSection
EndGlobal
